schema = 1
language = "0.1.0"
standard_library = "0.1.0"
unicode = "16.0.0"
timezone_database = "2025b"
root = "seseragi-ssr-demo@0.1.0#workspace:."

[[packages]]
id = "seseragi-ssr-demo@0.1.0#workspace:."
name = "seseragi-ssr-demo"
version = "0.1.0"
source_kind = "workspace"
source = "."
manifest_digest = "sha256:fec7d35f46421d35d1477f2ea4e9da2995e79f304c080901f804d502c743b2fc"
content_digest = "sha256:2ff5b7e1e81c03748c3df1699a710b229a98a9c17093a378e493171090d553cb"
dependencies = []

[[providers]]
field = "httpServer"
service = "std/http/server::HttpServer"
required_contract = "1.0"
provider_contract = "1.0"
provider = "seseragi/runtime-bun#http-server"
package_version = "0.18.0"
package_source = "toolchain:seseragi/runtime-bun@0.18.0"
package_digest = "sha256:3cd165909f8beee465cb1f852d81dfca45c89a4fd40b34740d69bb69b4784b81"
artifact_digest = "sha256:d68663f9c1359e1b492cc91b3c650a5c426ed3bb3e661a702ce041c087f752c7"
backend = "typescript"
backend_abi_major = 1
target = "bun-process"
entry_module = "seseragi/runtime-bun/http-server"
entry_export = "provider"
runtime_features = ["foreign.task-load"]
host_packages = []
